
Microsoft Visual Studio Solution File, Format Version 12.00
# Visual Studio Version 17
VisualStudioVersion = 17.4.33122.133
MinimumVisualStudioVersion = 10.0.40219.1
Project("{FAE04EC0-301F-11D3-BF4B-00C04F79EFBC}") = "CeasarCipher", "CeasarCipher\CeasarCipher.csproj", "{E0D0FBC3-872A-4321-9C9C-0CEA5CE6839D}"
EndProject
Global
	GlobalSection(SolutionConfigurationPlatforms) = preSolution
		Debug|Any CPU = Debug|Any CPU
		Release|Any CPU = Release|Any CPU
	EndGlobalSection
	GlobalSection(ProjectConfigurationPlatforms) = postSolution
		{E0D0FBC3-872A-4321-9C9C-0CEA5CE6839D}.Debug|Any CPU.ActiveCfg = Debug|Any CPU
		{E0D0FBC3-872A-4321-9C9C-0CEA5CE6839D}.Debug|Any CPU.Build.0 = Debug|Any CPU
		{E0D0FBC3-872A-4321-9C9C-0CEA5CE6839D}.Release|Any CPU.ActiveCfg = Release|Any CPU
		{E0D0FBC3-872A-4321-9C9C-0CEA5CE6839D}.Release|Any CPU.Build.0 = Release|Any CPU
	EndGlobalSection
	GlobalSection(SolutionProperties) = preSolution
		HideSolutionNode = FALSE
	EndGlobalSection
	GlobalSection(ExtensibilityGlobals) = postSolution
		SolutionGuid = {632E8211-2E62-432A-A825-06D49B156C09}
	EndGlobalSection
EndGlobal
